
Microsoft Visual Studio Solution File, Format Version 12.00
# Visual Studio Version 16
VisualStudioVersion = 25.0.1706.0
MinimumVisualStudioVersion = 10.0.40219.1
Project("{2150E333-8FDC-42A3-9474-1A3956D46DE8}") = "src", "src", "{E4FBE6E3-0190-4763-A041-6B987DC9B568}"
EndProject
Project("{2150E333-8FDC-42A3-9474-1A3956D46DE8}") = "Application", "Application", "{F9B49A65-74F4-4755-B534-FA9B1979A105}"
EndProject
Project("{2150E333-8FDC-42A3-9474-1A3956D46DE8}") = "Infrastructure", "Infrastructure", "{DBA2480A-0A65-4D06-896E-CA29B200BACF}"
EndProject
Project("{2150E333-8FDC-42A3-9474-1A3956D46DE8}") = "Core", "Core", "{FFBF88C2-8AD3-4519-8E87-76F3682568E7}"
EndProject
Project("{2150E333-8FDC-42A3-9474-1A3956D46DE8}") = "Domains", "Domains", "{24DE7D13-E172-40A5-8873-3A08DE8F50AE}"
EndProject
Project("{2150E333-8FDC-42A3-9474-1A3956D46DE8}") = "Presentation", "Presentation", "{E6056B47-363E-4DB3-B028-55E42F9DE427}"
EndProject
Project("{FAE04EC0-301F-11D3-BF4B-00C04F79EFBC}") = "Tech_Hub.Entities", "src\Domains\Tech_Hub.Entities\Tech_Hub.Entities.csproj", "{0C84A094-1979-4788-8983-62ABAF8E523E}"
EndProject
Project("{FAE04EC0-301F-11D3-BF4B-00C04F79EFBC}") = "Tech_Hub.Infrastructure", "src\Infrastructure\Tech_Hub.Infrastructure\Tech_Hub.Infrastructure.csproj", "{10FD54D3-76E5-4559-9300-F900D98BE219}"
EndProject
Project("{FAE04EC0-301F-11D3-BF4B-00C04F79EFBC}") = "Tech_Hub.WebUI", "src\Presentation\Tech_Hub.WebUI\Tech_Hub.WebUI.csproj", "{7A09DAB5-599E-424D-A33D-E165BE06C3BF}"
EndProject
Project("{FAE04EC0-301F-11D3-BF4B-00C04F79EFBC}") = "Tech_Hub.WebAPI", "src\Presentation\Tech_Hub.WebAPI\Tech_Hub.WebAPI.csproj", "{0BBA1466-9CFA-45E8-81AC-B4435D3EB631}"
EndProject
Project("{FAE04EC0-301F-11D3-BF4B-00C04F79EFBC}") = "Tech_Hub.Core", "src\Core\Tech_Hub.Core\Tech_Hub.Core.csproj", "{613E57ED-3D12-4C40-B5C9-5B17965DA5F8}"
EndProject
Project("{FAE04EC0-301F-11D3-BF4B-00C04F79EFBC}") = "Tech_Hub.Services", "src\Application\Tech_Hub.Services\Tech_Hub.Services.csproj", "{1CE54655-67DB-40BD-8DCE-424C037FDA36}"
EndProject
Project("{FAE04EC0-301F-11D3-BF4B-00C04F79EFBC}") = "Tech_Hub.DataTransferObject", "src\Application\Tech_Hub.DataTransferObject\Tech_Hub.DataTransferObject.csproj", "{DA3FA316-89B6-4835-AC5A-7F461F20DD89}"
EndProject
Global
	GlobalSection(SolutionConfigurationPlatforms) = preSolution
		Debug|Any CPU = Debug|Any CPU
		Release|Any CPU = Release|Any CPU
	EndGlobalSection
	GlobalSection(ProjectConfigurationPlatforms) = postSolution
		{0C84A094-1979-4788-8983-62ABAF8E523E}.Debug|Any CPU.ActiveCfg = Debug|Any CPU
		{0C84A094-1979-4788-8983-62ABAF8E523E}.Debug|Any CPU.Build.0 = Debug|Any CPU
		{0C84A094-1979-4788-8983-62ABAF8E523E}.Release|Any CPU.ActiveCfg = Release|Any CPU
		{0C84A094-1979-4788-8983-62ABAF8E523E}.Release|Any CPU.Build.0 = Release|Any CPU
		{10FD54D3-76E5-4559-9300-F900D98BE219}.Debug|Any CPU.ActiveCfg = Debug|Any CPU
		{10FD54D3-76E5-4559-9300-F900D98BE219}.Debug|Any CPU.Build.0 = Debug|Any CPU
		{10FD54D3-76E5-4559-9300-F900D98BE219}.Release|Any CPU.ActiveCfg = Release|Any CPU
		{10FD54D3-76E5-4559-9300-F900D98BE219}.Release|Any CPU.Build.0 = Release|Any CPU
		{7A09DAB5-599E-424D-A33D-E165BE06C3BF}.Debug|Any CPU.ActiveCfg = Debug|Any CPU
		{7A09DAB5-599E-424D-A33D-E165BE06C3BF}.Debug|Any CPU.Build.0 = Debug|Any CPU
		{7A09DAB5-599E-424D-A33D-E165BE06C3BF}.Release|Any CPU.ActiveCfg = Release|Any CPU
		{7A09DAB5-599E-424D-A33D-E165BE06C3BF}.Release|Any CPU.Build.0 = Release|Any CPU
		{0BBA1466-9CFA-45E8-81AC-B4435D3EB631}.Debug|Any CPU.ActiveCfg = Debug|Any CPU
		{0BBA1466-9CFA-45E8-81AC-B4435D3EB631}.Debug|Any CPU.Build.0 = Debug|Any CPU
		{0BBA1466-9CFA-45E8-81AC-B4435D3EB631}.Release|Any CPU.ActiveCfg = Release|Any CPU
		{0BBA1466-9CFA-45E8-81AC-B4435D3EB631}.Release|Any CPU.Build.0 = Release|Any CPU
		{613E57ED-3D12-4C40-B5C9-5B17965DA5F8}.Debug|Any CPU.ActiveCfg = Debug|Any CPU
		{613E57ED-3D12-4C40-B5C9-5B17965DA5F8}.Debug|Any CPU.Build.0 = Debug|Any CPU
		{613E57ED-3D12-4C40-B5C9-5B17965DA5F8}.Release|Any CPU.ActiveCfg = Release|Any CPU
		{613E57ED-3D12-4C40-B5C9-5B17965DA5F8}.Release|Any CPU.Build.0 = Release|Any CPU
		{1CE54655-67DB-40BD-8DCE-424C037FDA36}.Debug|Any CPU.ActiveCfg = Debug|Any CPU
		{1CE54655-67DB-40BD-8DCE-424C037FDA36}.Debug|Any CPU.Build.0 = Debug|Any CPU
		{1CE54655-67DB-40BD-8DCE-424C037FDA36}.Release|Any CPU.ActiveCfg = Release|Any CPU
		{1CE54655-67DB-40BD-8DCE-424C037FDA36}.Release|Any CPU.Build.0 = Release|Any CPU
		{DA3FA316-89B6-4835-AC5A-7F461F20DD89}.Debug|Any CPU.ActiveCfg = Debug|Any CPU
		{DA3FA316-89B6-4835-AC5A-7F461F20DD89}.Debug|Any CPU.Build.0 = Debug|Any CPU
		{DA3FA316-89B6-4835-AC5A-7F461F20DD89}.Release|Any CPU.ActiveCfg = Release|Any CPU
		{DA3FA316-89B6-4835-AC5A-7F461F20DD89}.Release|Any CPU.Build.0 = Release|Any CPU
	EndGlobalSection
	GlobalSection(SolutionProperties) = preSolution
		HideSolutionNode = FALSE
	EndGlobalSection
	GlobalSection(ExtensibilityGlobals) = postSolution
		SolutionGuid = {A8C1AA6E-E265-4CE0-ACF4-A903CFF8CC38}
	EndGlobalSection
	GlobalSection(NestedProjects) = preSolution
		{F9B49A65-74F4-4755-B534-FA9B1979A105} = {E4FBE6E3-0190-4763-A041-6B987DC9B568}
		{DBA2480A-0A65-4D06-896E-CA29B200BACF} = {E4FBE6E3-0190-4763-A041-6B987DC9B568}
		{FFBF88C2-8AD3-4519-8E87-76F3682568E7} = {E4FBE6E3-0190-4763-A041-6B987DC9B568}
		{24DE7D13-E172-40A5-8873-3A08DE8F50AE} = {E4FBE6E3-0190-4763-A041-6B987DC9B568}
		{E6056B47-363E-4DB3-B028-55E42F9DE427} = {E4FBE6E3-0190-4763-A041-6B987DC9B568}
		{0C84A094-1979-4788-8983-62ABAF8E523E} = {24DE7D13-E172-40A5-8873-3A08DE8F50AE}
		{10FD54D3-76E5-4559-9300-F900D98BE219} = {DBA2480A-0A65-4D06-896E-CA29B200BACF}
		{7A09DAB5-599E-424D-A33D-E165BE06C3BF} = {E6056B47-363E-4DB3-B028-55E42F9DE427}
		{0BBA1466-9CFA-45E8-81AC-B4435D3EB631} = {E6056B47-363E-4DB3-B028-55E42F9DE427}
		{613E57ED-3D12-4C40-B5C9-5B17965DA5F8} = {FFBF88C2-8AD3-4519-8E87-76F3682568E7}
		{1CE54655-67DB-40BD-8DCE-424C037FDA36} = {F9B49A65-74F4-4755-B534-FA9B1979A105}
		{DA3FA316-89B6-4835-AC5A-7F461F20DD89} = {F9B49A65-74F4-4755-B534-FA9B1979A105}
	EndGlobalSection
EndGlobal
